
Microsoft Visual Studio Solution File, Format Version 12.00
# 
Project("{FAE04EC0-301F-11D3-BF4B-00C04F79EFBC}") = "WeltKreuzer", "WeltKreuzer\WeltKreuzer.csproj", "{732CF9AD-85D4-4230-8F02-A012EB5EBD4C}"
EndProject
Project("{FAE04EC0-301F-11D3-BF4B-00C04F79EFBC}") = "MatrosEngine", "MatrosEngine\MatrosEngine.csproj", "{C677C5A8-FD5E-4F08-9074-A244DE7F201A}"
EndProject
Global
	GlobalSection(SolutionConfigurationPlatforms) = preSolution
		Debug|Any CPU = Debug|Any CPU
		Release|Any CPU = Release|Any CPU
	EndGlobalSection
	GlobalSection(ProjectConfigurationPlatforms) = postSolution
		{732CF9AD-85D4-4230-8F02-A012EB5EBD4C}.Debug|Any CPU.ActiveCfg = Debug|Any CPU
		{732CF9AD-85D4-4230-8F02-A012EB5EBD4C}.Debug|Any CPU.Build.0 = Debug|Any CPU
		{732CF9AD-85D4-4230-8F02-A012EB5EBD4C}.Release|Any CPU.ActiveCfg = Release|Any CPU
		{732CF9AD-85D4-4230-8F02-A012EB5EBD4C}.Release|Any CPU.Build.0 = Release|Any CPU
		{C677C5A8-FD5E-4F08-9074-A244DE7F201A}.Debug|Any CPU.ActiveCfg = Debug|Any CPU
		{C677C5A8-FD5E-4F08-9074-A244DE7F201A}.Debug|Any CPU.Build.0 = Debug|Any CPU
		{C677C5A8-FD5E-4F08-9074-A244DE7F201A}.Release|Any CPU.ActiveCfg = Release|Any CPU
		{C677C5A8-FD5E-4F08-9074-A244DE7F201A}.Release|Any CPU.Build.0 = Release|Any CPU
	EndGlobalSection
EndGlobal
